
Microsoft Visual Studio Solution File, Format Version 12.00
# 
Project("{FAE04EC0-301F-11D3-BF4B-00C04F79EFBC}") = "BulutKlinik.API", "BulutKlinik.API\BulutKlinik.API.csproj", "{A1B2C3D4-0001-0001-0001-000000000001}"
EndProject
Project("{FAE04EC0-301F-11D3-BF4B-00C04F79EFBC}") = "BulutKlinik.Core", "BulutKlinik.Core\BulutKlinik.Core.csproj", "{A1B2C3D4-0002-0002-0002-000000000002}"
EndProject
Project("{FAE04EC0-301F-11D3-BF4B-00C04F79EFBC}") = "BulutKlinik.Infrastructure", "BulutKlinik.Infrastructure\BulutKlinik.Infrastructure.csproj", "{A1B2C3D4-0003-0003-0003-000000000003}"
EndProject
Project("{FAE04EC0-301F-11D3-BF4B-00C04F79EFBC}") = "BulutKlinik.Tests", "BulutKlinik.Tests\BulutKlinik.Tests.csproj", "{317C1A46-94C2-417E-A11B-A3906174979F}"
EndProject
Global
	GlobalSection(SolutionConfigurationPlatforms) = preSolution
		Debug|Any CPU = Debug|Any CPU
		Release|Any CPU = Release|Any CPU
	EndGlobalSection
	GlobalSection(ProjectConfigurationPlatforms) = postSolution
		{317C1A46-94C2-417E-A11B-A3906174979F}.Debug|Any CPU.ActiveCfg = Debug|Any CPU
		{317C1A46-94C2-417E-A11B-A3906174979F}.Debug|Any CPU.Build.0 = Debug|Any CPU
		{317C1A46-94C2-417E-A11B-A3906174979F}.Release|Any CPU.ActiveCfg = Release|Any CPU
		{317C1A46-94C2-417E-A11B-A3906174979F}.Release|Any CPU.Build.0 = Release|Any CPU
	EndGlobalSection
EndGlobal
